
Microsoft Visual Studio Solution File, Format Version 12.00
# Visual Studio 2012
Project("{FAE04EC0-301F-11D3-BF4B-00C04F79EFBC}") = "Serveri_udp", "Serveri_udp\Serveri_udp.csproj", "{A176E73E-D8EC-43E8-AAE5-CD93606800E9}"
EndProject
Global
	GlobalSection(SolutionConfigurationPlatforms) = preSolution
		Debug|Any CPU = Debug|Any CPU
		Release|Any CPU = Release|Any CPU
	EndGlobalSection
	GlobalSection(ProjectConfigurationPlatforms) = postSolution
		{A176E73E-D8EC-43E8-AAE5-CD93606800E9}.Debug|Any CPU.ActiveCfg = Debug|Any CPU
		{A176E73E-D8EC-43E8-AAE5-CD93606800E9}.Debug|Any CPU.Build.0 = Debug|Any CPU
		{A176E73E-D8EC-43E8-AAE5-CD93606800E9}.Release|Any CPU.ActiveCfg = Release|Any CPU
		{A176E73E-D8EC-43E8-AAE5-CD93606800E9}.Release|Any CPU.Build.0 = Release|Any CPU
	EndGlobalSection
	GlobalSection(SolutionProperties) = preSolution
		HideSolutionNode = FALSE
	EndGlobalSection
EndGlobal
